github.com/bmatcuk/doublestar/v4 v4.10.0 h1:zU9WiOla1YA122oLM6i4EXvGW62DvKZVxIe6TYWexEs=
github.com/bmatcuk/doublestar/v4 v4.10.0/go.mod h1:xBQ8jztBU6kakFMg+8WGxn0c6z1fTSPVIjEY1Wr7jzc=
github.com/fairwindsops/controller-utils v0.3.4/go.mod h1:9/hOHX70/LG40RgtFAjtXFiMWEpItqm6Scf+obRFB2Y=
github.com/samber/lo v1.53.0/go.mod h1:4+MXEGsJzbKGaUEQFKBq2xtfuznW9oz/WrgyzMzRoM0=
github.com/sirupsen/logrus v1.9.4/go.mod h1:ftWc9WdOfJ0a92nsE2jF5u5ZwH8Bv2zdeOC42RjbV2g=
github.com/stretchr/testify v1.11.1/go.mod h1:wZwfW3scLgRK+23gO65QZefKpKQRnfz6sD981Nm4B6U=
k8s.io/api v0.36.1/go.mod h1:KOWo4ey3TINlXjeHVuwB3i+tXXnu+UcwFBHlI/9dvEo=
k8s.io/apimachinery v0.36.1/go.mod h1:ibYOR00vW/I1kzvi5SF0dRuJ52BvKtfvRdOn35GPQ+8=
k8s.io/client-go v0.36.1/go.mod h1:s6rAnCtTGYDQnpNjEhSaISV+2O8jwruZ6m3QOYBFbtU=
sigs.k8s.io/controller-runtime v0.24.1/go.mod h1:vFkfY5fGt5xAC/sKb8IBFKgWPNKG9OUG29dR8Y2wImw=
